{
    "name": "@six5536/symify-workspace",
    "lockfileVersion": 3,
    "requires": true,
    "packages": {
        "": {
            "name": "@six5536/symify-workspace",
            "workspaces": [
                "packages/symify"
            ],
            "devDependencies": {
                "@types/node": "^25.3.5"
            }
        },
        "node_modules/@six5536/symify-darwin-arm64": {
            "version": "0.1.0",
            "resolved": "https://registry.npmjs.org/@six5536/symify-darwin-arm64/-/symify-darwin-arm64-0.1.0.tgz",
            "integrity": "sha512-Ot3OgyPs6b8LOqW6nYp317KeMHO+nrqTM04TxvqI1r3r/X9NnI3DKSoG9AN6VcLUfClvNx9QUo4eG8VrmHwjwQ==",
            "cpu": [
                "arm64"
            ],
            "license": "MIT",
            "optional": true,
            "os": [
                "darwin"
            ]
        },
        "node_modules/@six5536/symify-darwin-x64": {
            "version": "0.1.0",
            "resolved": "https://registry.npmjs.org/@six5536/symify-darwin-x64/-/symify-darwin-x64-0.1.0.tgz",
            "integrity": "sha512-zkz3PrEpY7p+6HY+wyFcmUzJowUeLBkauldxScOQqRp8VTNJak9IWMGCLZTPEzA12+C1PGxSEjkiavxbxRL9bQ==",
            "cpu": [
                "x64"
            ],
            "license": "MIT",
            "optional": true,
            "os": [
                "darwin"
            ]
        },
        "node_modules/@six5536/symify-linux-arm64": {
            "version": "0.1.0",
            "resolved": "https://registry.npmjs.org/@six5536/symify-linux-arm64/-/symify-linux-arm64-0.1.0.tgz",
            "integrity": "sha512-DV1V2wRQb+NfYSnfHYVjdM5rEvMvZz8TiNOTC64m5xAL4RGo7gEPblFB3eZPj0nKh2zDTv9MMl3l9DzyxSg4hg==",
            "cpu": [
                "arm64"
            ],
            "license": "MIT",
            "optional": true,
            "os": [
                "linux"
            ]
        },
        "node_modules/@six5536/symify-linux-x64": {
            "version": "0.1.0",
            "resolved": "https://registry.npmjs.org/@six5536/symify-linux-x64/-/symify-linux-x64-0.1.0.tgz",
            "integrity": "sha512-Q0DZa0NzltrWZYIE4F5qYKX/c0KFr5Fun/eWWiYOvKEJes6etXr5Q/b/iyrqWHAnjT23MIOM/spBZivvI7Mlow==",
            "cpu": [
                "x64"
            ],
            "license": "MIT",
            "optional": true,
            "os": [
                "linux"
            ]
        },
        "node_modules/@types/node": {
            "version": "25.9.1",
            "resolved": "https://registry.npmjs.org/@types/node/-/node-25.9.1.tgz",
            "integrity": "sha512-xfrlY7UD5rMJk3ZVJP8BNzS28J36YJg+xp+LPXV1TdWxr8uMH5A860QNxYDGQe/ylDSgjxE52Q9VnO7p75tJxg==",
            "dev": true,
            "license": "MIT",
            "dependencies": {
                "undici-types": ">=7.24.0 <7.24.7"
            }
        },
        "node_modules/symify": {
            "resolved": "packages/symify",
            "link": true
        },
        "node_modules/undici-types": {
            "version": "7.24.6",
            "resolved": "https://registry.npmjs.org/undici-types/-/undici-types-7.24.6.tgz",
            "integrity": "sha512-WRNW+sJgj5OBN4/0JpHFqtqzhpbnV0GuB+OozA9gCL7a993SmU+1JBZCzLNxYsbMfIeDL+lTsphD5jN5N+n0zg==",
            "dev": true,
            "license": "MIT"
        },
        "packages/symify": {
            "version": "0.1.0",
            "license": "MIT",
            "bin": {
                "symify": "bin/symify.js"
            },
            "engines": {
                "node": ">=18"
            },
            "optionalDependencies": {
                "@six5536/symify-darwin-arm64": "0.1.0",
                "@six5536/symify-darwin-x64": "0.1.0",
                "@six5536/symify-linux-arm64": "0.1.0",
                "@six5536/symify-linux-x64": "0.1.0",
                "@six5536/symify-win32-x64": "0.1.0"
            }
        }
    }
}
